// !$*UTF8*$!
{
	archiveVersion = 1;
	classes = {
	};
	objectVersion = 56;
	objects = {

/* Begin PBXBuildFile section */
		552785C22B27A5120098FE95 /* PhrasifyApp.swift in Sources */ = {isa = PBXBuildFile; fileRef = 552785C12B27A5120098FE95 /* PhrasifyApp.swift */; };
		552785C42B27A5120098FE95 /* ContentView.swift in Sources */ = {isa = PBXBuildFile; fileRef = 552785C32B27A5120098FE95 /* ContentView.swift */; };
		552785C62B27A5140098FE95 /* Assets.xcassets in Resources */ = {isa = PBXBuildFile; fileRef = 552785C52B27A5140098FE95 /* Assets.xcassets */; };
		552785CA2B27A5140098FE95 /* Preview Assets.xcassets in Resources */ = {isa = PBXBuildFile; fileRef = 552785C92B27A5140098FE95 /* Preview Assets.xcassets */; };
		553F1BCC2B28EF6B0071A099 /* MockCoordinator.swift in Sources */ = {isa = PBXBuildFile; fileRef = 553F1BCB2B28EF6B0071A099 /* MockCoordinator.swift */; };
		553F1BCE2B28FD890071A099 /* AppTextField.swift in Sources */ = {isa = PBXBuildFile; fileRef = 553F1BCD2B28FD890071A099 /* AppTextField.swift */; };
		553F1BD02B28FDD70071A099 /* AppDivider.swift in Sources */ = {isa = PBXBuildFile; fileRef = 553F1BCF2B28FDD70071A099 /* AppDivider.swift */; };
		55C762212B27A8B2008CBF30 /* RethinkSans-SemiBold.ttf in Resources */ = {isa = PBXBuildFile; fileRef = 55C7621D2B27A8B2008CBF30 /* RethinkSans-SemiBold.ttf */; };
		55C762222B27A8B2008CBF30 /* RethinkSans-Medium.ttf in Resources */ = {isa = PBXBuildFile; fileRef = 55C7621E2B27A8B2008CBF30 /* RethinkSans-Medium.ttf */; };
		55C762232B27A8B2008CBF30 /* RethinkSans-Regular.ttf in Resources */ = {isa = PBXBuildFile; fileRef = 55C7621F2B27A8B2008CBF30 /* RethinkSans-Regular.ttf */; };
		55C762242B27A8B2008CBF30 /* RethinkSans-Bold.ttf in Resources */ = {isa = PBXBuildFile; fileRef = 55C762202B27A8B2008CBF30 /* RethinkSans-Bold.ttf */; };
		55C762282B27A9B9008CBF30 /* FontStyle.swift in Sources */ = {isa = PBXBuildFile; fileRef = 55C762272B27A9B9008CBF30 /* FontStyle.swift */; };
		55C7622A2B27AA7D008CBF30 /* AppColor.swift in Sources */ = {isa = PBXBuildFile; fileRef = 55C762292B27AA7D008CBF30 /* AppColor.swift */; };
		55C7622C2B27AAFD008CBF30 /* Localized.swift in Sources */ = {isa = PBXBuildFile; fileRef = 55C7622B2B27AAFD008CBF30 /* Localized.swift */; };
		55C762302B27AB72008CBF30 /* StartView.swift in Sources */ = {isa = PBXBuildFile; fileRef = 55C7622F2B27AB72008CBF30 /* StartView.swift */; };
		55C762322B27AB7C008CBF30 /* StartViewModel.swift in Sources */ = {isa = PBXBuildFile; fileRef = 55C762312B27AB7C008CBF30 /* StartViewModel.swift */; };
		55C762342B27AD18008CBF30 /* AppButton.swift in Sources */ = {isa = PBXBuildFile; fileRef = 55C762332B27AD18008CBF30 /* AppButton.swift */; };
		55C762362B27B52A008CBF30 /* StartCoordinator.swift in Sources */ = {isa = PBXBuildFile; fileRef = 55C762352B27B52A008CBF30 /* StartCoordinator.swift */; };
		55C762392B27BFF5008CBF30 /* LoginView.swift in Sources */ = {isa = PBXBuildFile; fileRef = 55C762382B27BFF5008CBF30 /* LoginView.swift */; };
		55C7623B2B27BFFE008CBF30 /* LoginViewModel.swift in Sources */ = {isa = PBXBuildFile; fileRef = 55C7623A2B27BFFE008CBF30 /* LoginViewModel.swift */; };
/* End PBXBuildFile section */

/* Begin PBXFileReference section */
		552785BE2B27A5120098FE95 /* Phrasify.app */ = {isa = PBXFileReference; explicitFileType = wrapper.application; includeInIndex = 0; path = Phrasify.app; sourceTree = BUILT_PRODUCTS_DIR; };
		552785C12B27A5120098FE95 /* PhrasifyApp.swift */ = {isa = PBXFileReference; lastKnownFileType = sourcecode.swift; path = PhrasifyApp.swift; sourceTree = "<group>"; };
		552785C32B27A5120098FE95 /* ContentView.swift */ = {isa = PBXFileReference; lastKnownFileType = sourcecode.swift; path = ContentView.swift; sourceTree = "<group>"; };
		552785C52B27A5140098FE95 /* Assets.xcassets */ = {isa = PBXFileReference; lastKnownFileType = folder.assetcatalog; path = Assets.xcassets; sourceTree = "<group>"; };
		552785C72B27A5140098FE95 /* Phrasify.entitlements */ = {isa = PBXFileReference; lastKnownFileType = text.plist.entitlements; path = Phrasify.entitlements; sourceTree = "<group>"; };
		552785C92B27A5140098FE95 /* Preview Assets.xcassets */ = {isa = PBXFileReference; lastKnownFileType = folder.assetcatalog; path = "Preview Assets.xcassets"; sourceTree = "<group>"; };
		553F1BCB2B28EF6B0071A099 /* MockCoordinator.swift */ = {isa = PBXFileReference; lastKnownFileType = sourcecode.swift; path = MockCoordinator.swift; sourceTree = "<group>"; };
		553F1BCD2B28FD890071A099 /* AppTextField.swift */ = {isa = PBXFileReference; lastKnownFileType = sourcecode.swift; path = AppTextField.swift; sourceTree = "<group>"; };
		553F1BCF2B28FDD70071A099 /* AppDivider.swift */ = {isa = PBXFileReference; lastKnownFileType = sourcecode.swift; path = AppDivider.swift; sourceTree = "<group>"; };
		55C7621D2B27A8B2008CBF30 /* RethinkSans-SemiBold.ttf */ = {isa = PBXFileReference; lastKnownFileType = file; name = "RethinkSans-SemiBold.ttf"; path = "../../../../../../Downloads/Rethink_Sans/static/RethinkSans-SemiBold.ttf"; sourceTree = "<group>"; };
		55C7621E2B27A8B2008CBF30 /* RethinkSans-Medium.ttf */ = {isa = PBXFileReference; lastKnownFileType = file; name = "RethinkSans-Medium.ttf"; path = "../../../../../../Downloads/Rethink_Sans/static/RethinkSans-Medium.ttf"; sourceTree = "<group>"; };
		55C7621F2B27A8B2008CBF30 /* RethinkSans-Regular.ttf */ = {isa = PBXFileReference; lastKnownFileType = file; name = "RethinkSans-Regular.ttf"; path = "../../../../../../Downloads/Rethink_Sans/static/RethinkSans-Regular.ttf"; sourceTree = "<group>"; };
		55C762202B27A8B2008CBF30 /* RethinkSans-Bold.ttf */ = {isa = PBXFileReference; lastKnownFileType = file; name = "RethinkSans-Bold.ttf"; path = "../../../../../../Downloads/Rethink_Sans/static/RethinkSans-Bold.ttf"; sourceTree = "<group>"; };
		55C762252B27A8E2008CBF30 /* Info.plist */ = {isa = PBXFileReference; lastKnownFileType = text.plist; path = Info.plist; sourceTree = "<group>"; };
		55C762272B27A9B9008CBF30 /* FontStyle.swift */ = {isa = PBXFileReference; fileEncoding = 4; lastKnownFileType = sourcecode.swift; name = FontStyle.swift; path = ../../../../../../Downloads/FontStyle.swift; sourceTree = "<group>"; };
		55C762292B27AA7D008CBF30 /* AppColor.swift */ = {isa = PBXFileReference; fileEncoding = 4; lastKnownFileType = sourcecode.swift; name = AppColor.swift; path = ../../../../../../Downloads/AppColor.swift; sourceTree = "<group>"; };
		55C7622B2B27AAFD008CBF30 /* Localized.swift */ = {isa = PBXFileReference; fileEncoding = 4; lastKnownFileType = sourcecode.swift; name = Localized.swift; path = ../../../../../Downloads/Localized.swift; sourceTree = "<group>"; };
		55C7622F2B27AB72008CBF30 /* StartView.swift */ = {isa = PBXFileReference; lastKnownFileType = sourcecode.swift; path = StartView.swift; sourceTree = "<group>"; };
		55C762312B27AB7C008CBF30 /* StartViewModel.swift */ = {isa = PBXFileReference; lastKnownFileType = sourcecode.swift; path = StartViewModel.swift; sourceTree = "<group>"; };
		55C762332B27AD18008CBF30 /* AppButton.swift */ = {isa = PBXFileReference; fileEncoding = 4; lastKnownFileType = sourcecode.swift; name = AppButton.swift; path = ../../../../../../Downloads/AppButton.swift; sourceTree = "<group>"; };
		55C762352B27B52A008CBF30 /* StartCoordinator.swift */ = {isa = PBXFileReference; lastKnownFileType = sourcecode.swift; path = StartCoordinator.swift; sourceTree = "<group>"; };
		55C762382B27BFF5008CBF30 /* LoginView.swift */ = {isa = PBXFileReference; lastKnownFileType = sourcecode.swift; path = LoginView.swift; sourceTree = "<group>"; };
		55C7623A2B27BFFE008CBF30 /* LoginViewModel.swift */ = {isa = PBXFileReference; lastKnownFileType = sourcecode.swift; path = LoginViewModel.swift; sourceTree = "<group>"; };
/* End PBXFileReference section */

/* Begin PBXFrameworksBuildPhase section */
		552785BB2B27A5120098FE95 /* Frameworks */ = {
			isa = PBXFrameworksBuildPhase;
			buildActionMask = 2147483647;
			files = (
			);
			runOnlyForDeploymentPostprocessing = 0;
		};
/* End PBXFrameworksBuildPhase section */

/* Begin PBXGroup section */
		552785B52B27A5120098FE95 = {
			isa = PBXGroup;
			children = (
				552785C02B27A5120098FE95 /* Phrasify */,
				552785BF2B27A5120098FE95 /* Products */,
			);
			sourceTree = "<group>";
		};
		552785BF2B27A5120098FE95 /* Products */ = {
			isa = PBXGroup;
			children = (
				552785BE2B27A5120098FE95 /* Phrasify.app */,
			);
			name = Products;
			sourceTree = "<group>";
		};
		552785C02B27A5120098FE95 /* Phrasify */ = {
			isa = PBXGroup;
			children = (
				55C762252B27A8E2008CBF30 /* Info.plist */,
				55C762182B27A607008CBF30 /* Sources */,
				55C762162B27A5FC008CBF30 /* Resources */,
				55C7621B2B27A622008CBF30 /* Domain */,
				55C7621A2B27A61D008CBF30 /* Common */,
				55C762192B27A618008CBF30 /* Model */,
				552785C72B27A5140098FE95 /* Phrasify.entitlements */,
				552785C82B27A5140098FE95 /* Preview Content */,
			);
			path = Phrasify;
			sourceTree = "<group>";
		};
		552785C82B27A5140098FE95 /* Preview Content */ = {
			isa = PBXGroup;
			children = (
				552785C92B27A5140098FE95 /* Preview Assets.xcassets */,
				553F1BCB2B28EF6B0071A099 /* MockCoordinator.swift */,
			);
			path = "Preview Content";
			sourceTree = "<group>";
		};
		55C762162B27A5FC008CBF30 /* Resources */ = {
			isa = PBXGroup;
			children = (
				55C7621C2B27A886008CBF30 /* Fonts */,
				552785C52B27A5140098FE95 /* Assets.xcassets */,
			);
			path = Resources;
			sourceTree = "<group>";
		};
		55C762182B27A607008CBF30 /* Sources */ = {
			isa = PBXGroup;
			children = (
				55C7622D2B27AB1A008CBF30 /* Scenes */,
				55C762262B27A99A008CBF30 /* Basic */,
				552785C12B27A5120098FE95 /* PhrasifyApp.swift */,
				552785C32B27A5120098FE95 /* ContentView.swift */,
			);
			path = Sources;
			sourceTree = "<group>";
		};
		55C762192B27A618008CBF30 /* Model */ = {
			isa = PBXGroup;
			children = (
			);
			path = Model;
			sourceTree = "<group>";
		};
		55C7621A2B27A61D008CBF30 /* Common */ = {
			isa = PBXGroup;
			children = (
				55C7622B2B27AAFD008CBF30 /* Localized.swift */,
			);
			path = Common;
			sourceTree = "<group>";
		};
		55C7621B2B27A622008CBF30 /* Domain */ = {
			isa = PBXGroup;
			children = (
			);
			path = Domain;
			sourceTree = "<group>";
		};
		55C7621C2B27A886008CBF30 /* Fonts */ = {
			isa = PBXGroup;
			children = (
				55C762202B27A8B2008CBF30 /* RethinkSans-Bold.ttf */,
				55C7621E2B27A8B2008CBF30 /* RethinkSans-Medium.ttf */,
				55C7621F2B27A8B2008CBF30 /* RethinkSans-Regular.ttf */,
				55C7621D2B27A8B2008CBF30 /* RethinkSans-SemiBold.ttf */,
			);
			path = Fonts;
			sourceTree = "<group>";
		};
		55C762262B27A99A008CBF30 /* Basic */ = {
			isa = PBXGroup;
			children = (
				55C762332B27AD18008CBF30 /* AppButton.swift */,
				55C762292B27AA7D008CBF30 /* AppColor.swift */,
				55C762272B27A9B9008CBF30 /* FontStyle.swift */,
				553F1BCD2B28FD890071A099 /* AppTextField.swift */,
				553F1BCF2B28FDD70071A099 /* AppDivider.swift */,
			);
			path = Basic;
			sourceTree = "<group>";
		};
		55C7622D2B27AB1A008CBF30 /* Scenes */ = {
			isa = PBXGroup;
			children = (
				55C7622E2B27AB20008CBF30 /* Start */,
			);
			path = Scenes;
			sourceTree = "<group>";
		};
		55C7622E2B27AB20008CBF30 /* Start */ = {
			isa = PBXGroup;
			children = (
				55C762372B27BFEA008CBF30 /* LoginView */,
				55C7622F2B27AB72008CBF30 /* StartView.swift */,
				55C762312B27AB7C008CBF30 /* StartViewModel.swift */,
				55C762352B27B52A008CBF30 /* StartCoordinator.swift */,
			);
			path = Start;
			sourceTree = "<group>";
		};
		55C762372B27BFEA008CBF30 /* LoginView */ = {
			isa = PBXGroup;
			children = (
				55C762382B27BFF5008CBF30 /* LoginView.swift */,
				55C7623A2B27BFFE008CBF30 /* LoginViewModel.swift */,
			);
			path = LoginView;
			sourceTree = "<group>";
		};
/* End PBXGroup section */

/* Begin PBXNativeTarget section */
		552785BD2B27A5120098FE95 /* Phrasify */ = {
			isa = PBXNativeTarget;
			buildConfigurationList = 552785CD2B27A5140098FE95 /* Build configuration list for PBXNativeTarget "Phrasify" */;
			buildPhases = (
				552785BA2B27A5120098FE95 /* Sources */,
				552785BB2B27A5120098FE95 /* Frameworks */,
				552785BC2B27A5120098FE95 /* Resources */,
			);
			buildRules = (
			);
			dependencies = (
			);
			name = Phrasify;
			productName = Phrasify;
			productReference = 552785BE2B27A5120098FE95 /* Phrasify.app */;
			productType = "com.apple.product-type.application";
		};
/* End PBXNativeTarget section */

/* Begin PBXProject section */
		552785B62B27A5120098FE95 /* Project object */ = {
			isa = PBXProject;
			attributes = {
				BuildIndependentTargetsInParallel = 1;
				LastSwiftUpdateCheck = 1500;
				LastUpgradeCheck = 1500;
				TargetAttributes = {
					552785BD2B27A5120098FE95 = {
						CreatedOnToolsVersion = 15.0.1;
					};
				};
			};
			buildConfigurationList = 552785B92B27A5120098FE95 /* Build configuration list for PBXProject "Phrasify" */;
			compatibilityVersion = "Xcode 14.0";
			developmentRegion = en;
			hasScannedForEncodings = 0;
			knownRegions = (
				en,
				Base,
			);
			mainGroup = 552785B52B27A5120098FE95;
			productRefGroup = 552785BF2B27A5120098FE95 /* Products */;
			projectDirPath = "";
			projectRoot = "";
			targets = (
				552785BD2B27A5120098FE95 /* Phrasify */,
			);
		};
/* End PBXProject section */

/* Begin PBXResourcesBuildPhase section */
		552785BC2B27A5120098FE95 /* Resources */ = {
			isa = PBXResourcesBuildPhase;
			buildActionMask = 2147483647;
			files = (
				552785CA2B27A5140098FE95 /* Preview Assets.xcassets in Resources */,
				55C762212B27A8B2008CBF30 /* RethinkSans-SemiBold.ttf in Resources */,
				55C762222B27A8B2008CBF30 /* RethinkSans-Medium.ttf in Resources */,
				55C762232B27A8B2008CBF30 /* RethinkSans-Regular.ttf in Resources */,
				55C762242B27A8B2008CBF30 /* RethinkSans-Bold.ttf in Resources */,
				552785C62B27A5140098FE95 /* Assets.xcassets in Resources */,
			);
			runOnlyForDeploymentPostprocessing = 0;
		};
/* End PBXResourcesBuildPhase section */

/* Begin PBXSourcesBuildPhase section */
		552785BA2B27A5120098FE95 /* Sources */ = {
			isa = PBXSourcesBuildPhase;
			buildActionMask = 2147483647;
			files = (
				55C762322B27AB7C008CBF30 /* StartViewModel.swift in Sources */,
				55C7622C2B27AAFD008CBF30 /* Localized.swift in Sources */,
				553F1BCC2B28EF6B0071A099 /* MockCoordinator.swift in Sources */,
				55C7623B2B27BFFE008CBF30 /* LoginViewModel.swift in Sources */,
				553F1BCE2B28FD890071A099 /* AppTextField.swift in Sources */,
				552785C42B27A5120098FE95 /* ContentView.swift in Sources */,
				55C7622A2B27AA7D008CBF30 /* AppColor.swift in Sources */,
				55C762302B27AB72008CBF30 /* StartView.swift in Sources */,
				552785C22B27A5120098FE95 /* PhrasifyApp.swift in Sources */,
				553F1BD02B28FDD70071A099 /* AppDivider.swift in Sources */,
				55C762282B27A9B9008CBF30 /* FontStyle.swift in Sources */,
				55C762362B27B52A008CBF30 /* StartCoordinator.swift in Sources */,
				55C762392B27BFF5008CBF30 /* LoginView.swift in Sources */,
				55C762342B27AD18008CBF30 /* AppButton.swift in Sources */,
			);
			runOnlyForDeploymentPostprocessing = 0;
		};
/* End PBXSourcesBuildPhase section */

/* Begin XCBuildConfiguration section */
		552785CB2B27A5140098FE95 /* Debug */ = {
			isa = XCBuildConfiguration;
			buildSettings = {
				ALWAYS_SEARCH_USER_PATHS = NO;
				ASSETCATALOG_COMPILER_GENERATE_SWIFT_ASSET_SYMBOL_EXTENSIONS = YES;
				CLANG_ANALYZER_NONNULL = YES;
				CLANG_ANALYZER_NUMBER_OBJECT_CONVERSION = YES_AGGRESSIVE;
				CLANG_CXX_LANGUAGE_STANDARD = "gnu++20";
				CLANG_ENABLE_MODULES = YES;
				CLANG_ENABLE_OBJC_ARC = YES;
				CLANG_ENABLE_OBJC_WEAK = YES;
				CLANG_WARN_BLOCK_CAPTURE_AUTORELEASING = YES;
				CLANG_WARN_BOOL_CONVERSION = YES;
				CLANG_WARN_COMMA = YES;
				CLANG_WARN_CONSTANT_CONVERSION = YES;
				CLANG_WARN_DEPRECATED_OBJC_IMPLEMENTATIONS = YES;
				CLANG_WARN_DIRECT_OBJC_ISA_USAGE = YES_ERROR;
				CLANG_WARN_DOCUMENTATION_COMMENTS = YES;
				CLANG_WARN_EMPTY_BODY = YES;
				CLANG_WARN_ENUM_CONVERSION = YES;
				CLANG_WARN_INFINITE_RECURSION = YES;
				CLANG_WARN_INT_CONVERSION = YES;
				CLANG_WARN_NON_LITERAL_NULL_CONVERSION = YES;
				CLANG_WARN_OBJC_IMPLICIT_RETAIN_SELF = YES;
				CLANG_WARN_OBJC_LITERAL_CONVERSION = YES;
				CLANG_WARN_OBJC_ROOT_CLASS = YES_ERROR;
				CLANG_WARN_QUOTED_INCLUDE_IN_FRAMEWORK_HEADER = YES;
				CLANG_WARN_RANGE_LOOP_ANALYSIS = YES;
				CLANG_WARN_STRICT_PROTOTYPES = YES;
				CLANG_WARN_SUSPICIOUS_MOVE = YES;
				CLANG_WARN_UNGUARDED_AVAILABILITY = YES_AGGRESSIVE;
				CLANG_WARN_UNREACHABLE_CODE = YES;
				CLANG_WARN__DUPLICATE_METHOD_MATCH = YES;
				COPY_PHASE_STRIP = NO;
				DEBUG_INFORMATION_FORMAT = dwarf;
				ENABLE_STRICT_OBJC_MSGSEND = YES;
				ENABLE_TESTABILITY = YES;
				ENABLE_USER_SCRIPT_SANDBOXING = YES;
				GCC_C_LANGUAGE_STANDARD = gnu17;
				GCC_DYNAMIC_NO_PIC = NO;
				GCC_NO_COMMON_BLOCKS = YES;
				GCC_OPTIMIZATION_LEVEL = 0;
				GCC_PREPROCESSOR_DEFINITIONS = (
					"DEBUG=1",
					"$(inherited)",
				);
				GCC_WARN_64_TO_32_BIT_CONVERSION = YES;
				GCC_WARN_ABOUT_RETURN_TYPE = YES_ERROR;
				GCC_WARN_UNDECLARED_SELECTOR = YES;
				GCC_WARN_UNINITIALIZED_AUTOS = YES_AGGRESSIVE;
				GCC_WARN_UNUSED_FUNCTION = YES;
				GCC_WARN_UNUSED_VARIABLE = YES;
				LOCALIZATION_PREFERS_STRING_CATALOGS = YES;
				MTL_ENABLE_DEBUG_INFO = INCLUDE_SOURCE;
				MTL_FAST_MATH = YES;
				ONLY_ACTIVE_ARCH = YES;
				SWIFT_ACTIVE_COMPILATION_CONDITIONS = "DEBUG $(inherited)";
				SWIFT_OPTIMIZATION_LEVEL = "-Onone";
			};
			name = Debug;
		};
		552785CC2B27A5140098FE95 /* Release */ = {
			isa = XCBuildConfiguration;
			buildSettings = {
				ALWAYS_SEARCH_USER_PATHS = NO;
				ASSETCATALOG_COMPILER_GENERATE_SWIFT_ASSET_SYMBOL_EXTENSIONS = YES;
				CLANG_ANALYZER_NONNULL = YES;
				CLANG_ANALYZER_NUMBER_OBJECT_CONVERSION = YES_AGGRESSIVE;
				CLANG_CXX_LANGUAGE_STANDARD = "gnu++20";
				CLANG_ENABLE_MODULES = YES;
				CLANG_ENABLE_OBJC_ARC = YES;
				CLANG_ENABLE_OBJC_WEAK = YES;
				CLANG_WARN_BLOCK_CAPTURE_AUTORELEASING = YES;
				CLANG_WARN_BOOL_CONVERSION = YES;
				CLANG_WARN_COMMA = YES;
				CLANG_WARN_CONSTANT_CONVERSION = YES;
				CLANG_WARN_DEPRECATED_OBJC_IMPLEMENTATIONS = YES;
				CLANG_WARN_DIRECT_OBJC_ISA_USAGE = YES_ERROR;
				CLANG_WARN_DOCUMENTATION_COMMENTS = YES;
				CLANG_WARN_EMPTY_BODY = YES;
				CLANG_WARN_ENUM_CONVERSION = YES;
				CLANG_WARN_INFINITE_RECURSION = YES;
				CLANG_WARN_INT_CONVERSION = YES;
				CLANG_WARN_NON_LITERAL_NULL_CONVERSION = YES;
				CLANG_WARN_OBJC_IMPLICIT_RETAIN_SELF = YES;
				CLANG_WARN_OBJC_LITERAL_CONVERSION = YES;
				CLANG_WARN_OBJC_ROOT_CLASS = YES_ERROR;
				CLANG_WARN_QUOTED_INCLUDE_IN_FRAMEWORK_HEADER = YES;
				CLANG_WARN_RANGE_LOOP_ANALYSIS = YES;
				CLANG_WARN_STRICT_PROTOTYPES = YES;
				CLANG_WARN_SUSPICIOUS_MOVE = YES;
				CLANG_WARN_UNGUARDED_AVAILABILITY = YES_AGGRESSIVE;
				CLANG_WARN_UNREACHABLE_CODE = YES;
				CLANG_WARN__DUPLICATE_METHOD_MATCH = YES;
				COPY_PHASE_STRIP = NO;
				DEBUG_INFORMATION_FORMAT = "dwarf-with-dsym";
				ENABLE_NS_ASSERTIONS = NO;
				ENABLE_STRICT_OBJC_MSGSEND = YES;
				ENABLE_USER_SCRIPT_SANDBOXING = YES;
				GCC_C_LANGUAGE_STANDARD = gnu17;
				GCC_NO_COMMON_BLOCKS = YES;
				GCC_WARN_64_TO_32_BIT_CONVERSION = YES;
				GCC_WARN_ABOUT_RETURN_TYPE = YES_ERROR;
				GCC_WARN_UNDECLARED_SELECTOR = YES;
				GCC_WARN_UNINITIALIZED_AUTOS = YES_AGGRESSIVE;
				GCC_WARN_UNUSED_FUNCTION = YES;
				GCC_WARN_UNUSED_VARIABLE = YES;
				LOCALIZATION_PREFERS_STRING_CATALOGS = YES;
				MTL_ENABLE_DEBUG_INFO = NO;
				MTL_FAST_MATH = YES;
				SWIFT_COMPILATION_MODE = wholemodule;
			};
			name = Release;
		};
		552785CE2B27A5140098FE95 /* Debug */ = {
			isa = XCBuildConfiguration;
			buildSettings = {
				ASSETCATALOG_COMPILER_APPICON_NAME = AppIcon;
				ASSETCATALOG_COMPILER_GLOBAL_ACCENT_COLOR_NAME = AccentColor;
				CODE_SIGN_ENTITLEMENTS = Phrasify/Phrasify.entitlements;
				CODE_SIGN_STYLE = Automatic;
				CURRENT_PROJECT_VERSION = 1;
				DEVELOPMENT_ASSET_PATHS = "\"Phrasify/Preview Content\"";
				DEVELOPMENT_TEAM = 38Q6TG2KG3;
				ENABLE_HARDENED_RUNTIME = YES;
				ENABLE_PREVIEWS = YES;
				GENERATE_INFOPLIST_FILE = YES;
				INFOPLIST_FILE = Phrasify/Info.plist;
				"INFOPLIST_KEY_UIApplicationSceneManifest_Generation[sdk=iphoneos*]" = YES;
				"INFOPLIST_KEY_UIApplicationSceneManifest_Generation[sdk=iphonesimulator*]" = YES;
				"INFOPLIST_KEY_UIApplicationSupportsIndirectInputEvents[sdk=iphoneos*]" = YES;
				"INFOPLIST_KEY_UIApplicationSupportsIndirectInputEvents[sdk=iphonesimulator*]" = YES;
				"INFOPLIST_KEY_UILaunchScreen_Generation[sdk=iphoneos*]" = YES;
				"INFOPLIST_KEY_UILaunchScreen_Generation[sdk=iphonesimulator*]" = YES;
				"INFOPLIST_KEY_UIStatusBarStyle[sdk=iphoneos*]" = UIStatusBarStyleDefault;
				"INFOPLIST_KEY_UIStatusBarStyle[sdk=iphonesimulator*]" = UIStatusBarStyleDefault;
				INFOPLIST_KEY_UISupportedInterfaceOrientations_iPad = "UIInterfaceOrientationPortrait UIInterfaceOrientationPortraitUpsideDown UIInterfaceOrientationLandscapeLeft UIInterfaceOrientationLandscapeRight";
				INFOPLIST_KEY_UISupportedInterfaceOrientations_iPhone = "UIInterfaceOrientationPortrait UIInterfaceOrientationLandscapeLeft UIInterfaceOrientationLandscapeRight";
				IPHONEOS_DEPLOYMENT_TARGET = 17.0;
				LD_RUNPATH_SEARCH_PATHS = "@executable_path/Frameworks";
				"LD_RUNPATH_SEARCH_PATHS[sdk=macosx*]" = "@executable_path/../Frameworks";
				MACOSX_DEPLOYMENT_TARGET = 14.0;
				MARKETING_VERSION = 1.0;
				PRODUCT_BUNDLE_IDENTIFIER = robert.adamczyk.phrasify.Phrasify;
				PRODUCT_NAME = "$(TARGET_NAME)";
				SDKROOT = auto;
				SUPPORTED_PLATFORMS = "iphoneos iphonesimulator macosx";
				SWIFT_EMIT_LOC_STRINGS = YES;
				SWIFT_VERSION = 5.0;
				TARGETED_DEVICE_FAMILY = "1,2";
			};
			name = Debug;
		};
		552785CF2B27A5140098FE95 /* Release */ = {
			isa = XCBuildConfiguration;
			buildSettings = {
				ASSETCATALOG_COMPILER_APPICON_NAME = AppIcon;
				ASSETCATALOG_COMPILER_GLOBAL_ACCENT_COLOR_NAME = AccentColor;
				CODE_SIGN_ENTITLEMENTS = Phrasify/Phrasify.entitlements;
				CODE_SIGN_STYLE = Automatic;
				CURRENT_PROJECT_VERSION = 1;
				DEVELOPMENT_ASSET_PATHS = "\"Phrasify/Preview Content\"";
				DEVELOPMENT_TEAM = 38Q6TG2KG3;
				ENABLE_HARDENED_RUNTIME = YES;
				ENABLE_PREVIEWS = YES;
				GENERATE_INFOPLIST_FILE = YES;
				INFOPLIST_FILE = Phrasify/Info.plist;
				"INFOPLIST_KEY_UIApplicationSceneManifest_Generation[sdk=iphoneos*]" = YES;
				"INFOPLIST_KEY_UIApplicationSceneManifest_Generation[sdk=iphonesimulator*]" = YES;
				"INFOPLIST_KEY_UIApplicationSupportsIndirectInputEvents[sdk=iphoneos*]" = YES;
				"INFOPLIST_KEY_UIApplicationSupportsIndirectInputEvents[sdk=iphonesimulator*]" = YES;
				"INFOPLIST_KEY_UILaunchScreen_Generation[sdk=iphoneos*]" = YES;
				"INFOPLIST_KEY_UILaunchScreen_Generation[sdk=iphonesimulator*]" = YES;
				"INFOPLIST_KEY_UIStatusBarStyle[sdk=iphoneos*]" = UIStatusBarStyleDefault;
				"INFOPLIST_KEY_UIStatusBarStyle[sdk=iphonesimulator*]" = UIStatusBarStyleDefault;
				INFOPLIST_KEY_UISupportedInterfaceOrientations_iPad = "UIInterfaceOrientationPortrait UIInterfaceOrientationPortraitUpsideDown UIInterfaceOrientationLandscapeLeft UIInterfaceOrientationLandscapeRight";
				INFOPLIST_KEY_UISupportedInterfaceOrientations_iPhone = "UIInterfaceOrientationPortrait UIInterfaceOrientationLandscapeLeft UIInterfaceOrientationLandscapeRight";
				IPHONEOS_DEPLOYMENT_TARGET = 17.0;
				LD_RUNPATH_SEARCH_PATHS = "@executable_path/Frameworks";
				"LD_RUNPATH_SEARCH_PATHS[sdk=macosx*]" = "@executable_path/../Frameworks";
				MACOSX_DEPLOYMENT_TARGET = 14.0;
				MARKETING_VERSION = 1.0;
				PRODUCT_BUNDLE_IDENTIFIER = robert.adamczyk.phrasify.Phrasify;
				PRODUCT_NAME = "$(TARGET_NAME)";
				SDKROOT = auto;
				SUPPORTED_PLATFORMS = "iphoneos iphonesimulator macosx";
				SWIFT_EMIT_LOC_STRINGS = YES;
				SWIFT_VERSION = 5.0;
				TARGETED_DEVICE_FAMILY = "1,2";
			};
			name = Release;
		};
/* End XCBuildConfiguration section */

/* Begin XCConfigurationList section */
		552785B92B27A5120098FE95 /* Build configuration list for PBXProject "Phrasify" */ = {
			isa = XCConfigurationList;
			buildConfigurations = (
				552785CB2B27A5140098FE95 /* Debug */,
				552785CC2B27A5140098FE95 /* Release */,
			);
			defaultConfigurationIsVisible = 0;
			defaultConfigurationName = Release;
		};
		552785CD2B27A5140098FE95 /* Build configuration list for PBXNativeTarget "Phrasify" */ = {
			isa = XCConfigurationList;
			buildConfigurations = (
				552785CE2B27A5140098FE95 /* Debug */,
				552785CF2B27A5140098FE95 /* Release */,
			);
			defaultConfigurationIsVisible = 0;
			defaultConfigurationName = Release;
		};
/* End XCConfigurationList section */
	};
	rootObject = 552785B62B27A5120098FE95 /* Project object */;
}
